
Microsoft Visual Studio Solution File, Format Version 12.00
# Visual Studio Version 17
VisualStudioVersion = 17.6.33723.286
MinimumVisualStudioVersion = 10.0.40219.1
Project("{FAE04EC0-301F-11D3-BF4B-00C04F79EFBC}") = "Backend", "Backend.csproj", "{E30FAB36-0EB6-4282-B45B-D97C4C929227}"
EndProject
Global
	GlobalSection(SolutionConfigurationPlatforms) = preSolution
		Debug|Any CPU = Debug|Any CPU
		Release|Any CPU = Release|Any CPU
	EndGlobalSection
	GlobalSection(ProjectConfigurationPlatforms) = postSolution
		{E30FAB36-0EB6-4282-B45B-D97C4C929227}.Debug|Any CPU.ActiveCfg = Debug|Any CPU
		{E30FAB36-0EB6-4282-B45B-D97C4C929227}.Debug|Any CPU.Build.0 = Debug|Any CPU
		{E30FAB36-0EB6-4282-B45B-D97C4C929227}.Release|Any CPU.ActiveCfg = Release|Any CPU
		{E30FAB36-0EB6-4282-B45B-D97C4C929227}.Release|Any CPU.Build.0 = Release|Any CPU
	EndGlobalSection
	GlobalSection(SolutionProperties) = preSolution
		HideSolutionNode = FALSE
	EndGlobalSection
	GlobalSection(ExtensibilityGlobals) = postSolution
		SolutionGuid = {FC83EDE3-628D-4669-9A01-64153E838DB6}
	EndGlobalSection
EndGlobal
